
Microsoft Visual Studio Solution File, Format Version 12.00
# Visual Studio Version 16
VisualStudioVersion = 16.0.31624.102
MinimumVisualStudioVersion = 10.0.40219.1
Project("{2150E333-8FDC-42A3-9474-1A3956D46DE8}") = "ERD", "ERD", "{31039A78-D83F-4611-98BB-77296AA2E368}"
	ProjectSection(SolutionItems) = preProject
		ERD\ZWCS_ERD_001.a5er = ERD\ZWCS_ERD_001.a5er
	EndProjectSection
EndProject
Project("{FAE04EC0-301F-11D3-BF4B-00C04F79EFBC}") = "ZWCS", "ZWCS\ZWCS.csproj", "{3416AB08-4143-4370-9CF5-6C6B76096632}"
EndProject
Global
	GlobalSection(SolutionConfigurationPlatforms) = preSolution
		Debug|Any CPU = Debug|Any CPU
		Debug|x64 = Debug|x64
		Debug|x86 = Debug|x86
		Release|Any CPU = Release|Any CPU
		Release|x64 = Release|x64
		Release|x86 = Release|x86
	EndGlobalSection
	GlobalSection(ProjectConfigurationPlatforms) = postSolution
		{3416AB08-4143-4370-9CF5-6C6B76096632}.Debug|Any CPU.ActiveCfg = Debug|Any CPU
		{3416AB08-4143-4370-9CF5-6C6B76096632}.Debug|Any CPU.Build.0 = Debug|Any CPU
		{3416AB08-4143-4370-9CF5-6C6B76096632}.Debug|x64.ActiveCfg = Debug|Any CPU
		{3416AB08-4143-4370-9CF5-6C6B76096632}.Debug|x64.Build.0 = Debug|Any CPU
		{3416AB08-4143-4370-9CF5-6C6B76096632}.Debug|x86.ActiveCfg = Debug|Any CPU
		{3416AB08-4143-4370-9CF5-6C6B76096632}.Debug|x86.Build.0 = Debug|Any CPU
		{3416AB08-4143-4370-9CF5-6C6B76096632}.Release|Any CPU.ActiveCfg = Release|Any CPU
		{3416AB08-4143-4370-9CF5-6C6B76096632}.Release|Any CPU.Build.0 = Release|Any CPU
		{3416AB08-4143-4370-9CF5-6C6B76096632}.Release|x64.ActiveCfg = Release|x64
		{3416AB08-4143-4370-9CF5-6C6B76096632}.Release|x64.Build.0 = Release|x64
		{3416AB08-4143-4370-9CF5-6C6B76096632}.Release|x86.ActiveCfg = Release|Any CPU
		{3416AB08-4143-4370-9CF5-6C6B76096632}.Release|x86.Build.0 = Release|Any CPU
	EndGlobalSection
	GlobalSection(SolutionProperties) = preSolution
		HideSolutionNode = FALSE
	EndGlobalSection
	GlobalSection(ExtensibilityGlobals) = postSolution
		SolutionGuid = {EDD5E2FA-0975-4769-A04E-8DF80D71AEA0}
	EndGlobalSection
EndGlobal
